// !$*UTF8*$!
{
	archiveVersion = 1;
	classes = {
	};
	objectVersion = 46;
	objects = {

/* Begin PBXBuildFile section */
		187895481E4AAA0C00285242 /* main.m in Sources */ = {isa = PBXBuildFile; fileRef = 187895471E4AAA0C00285242 /* main.m */; };
		1878954B1E4AAA0C00285242 /* AppDelegate.m in Sources */ = {isa = PBXBuildFile; fileRef = 1878954A1E4AAA0C00285242 /* AppDelegate.m */; };
		1878954E1E4AAA0C00285242 /* ViewController.m in Sources */ = {isa = PBXBuildFile; fileRef = 1878954D1E4AAA0C00285242 /* ViewController.m */; };
		187895511E4AAA0C00285242 /* Main.storyboard in Resources */ = {isa = PBXBuildFile; fileRef = 1878954F1E4AAA0C00285242 /* Main.storyboard */; };
		187895531E4AAA0C00285242 /* Assets.xcassets in Resources */ = {isa = PBXBuildFile; fileRef = 187895521E4AAA0C00285242 /* Assets.xcassets */; };
		187895561E4AAA0C00285242 /* LaunchScreen.storyboard in Resources */ = {isa = PBXBuildFile; fileRef = 187895541E4AAA0C00285242 /* LaunchScreen.storyboard */; };
		1878955E1E4AADAA00285242 /* Background.jpg in Resources */ = {isa = PBXBuildFile; fileRef = 1878955D1E4AADAA00285242 /* Background.jpg */; };
/* End PBXBuildFile section */

/* Begin PBXFileReference section */
		187895431E4AAA0C00285242 /* 170208_LogInScreenExtended.app */ = {isa = PBXFileReference; explicitFileType = wrapper.application; includeInIndex = 0; path = 170208_LogInScreenExtended.app; sourceTree = BUILT_PRODUCTS_DIR; };
		187895471E4AAA0C00285242 /* main.m */ = {isa = PBXFileReference; lastKnownFileType = sourcecode.c.objc; path = main.m; sourceTree = "<group>"; };
		187895491E4AAA0C00285242 /* AppDelegate.h */ = {isa = PBXFileReference; lastKnownFileType = sourcecode.c.h; path = AppDelegate.h; sourceTree = "<group>"; };
		1878954A1E4AAA0C00285242 /* AppDelegate.m */ = {isa = PBXFileReference; lastKnownFileType = sourcecode.c.objc; path = AppDelegate.m; sourceTree = "<group>"; };
		1878954C1E4AAA0C00285242 /* ViewController.h */ = {isa = PBXFileReference; lastKnownFileType = sourcecode.c.h; path = ViewController.h; sourceTree = "<group>"; };
		1878954D1E4AAA0C00285242 /* ViewController.m */ = {isa = PBXFileReference; lastKnownFileType = sourcecode.c.objc; path = ViewController.m; sourceTree = "<group>"; };
		187895501E4AAA0C00285242 /* Base */ = {isa = PBXFileReference; lastKnownFileType = file.storyboard; name = Base; path = Base.lproj/Main.storyboard; sourceTree = "<group>"; };
		187895521E4AAA0C00285242 /* Assets.xcassets */ = {isa = PBXFileReference; lastKnownFileType = folder.assetcatalog; path = Assets.xcassets; sourceTree = "<group>"; };
		187895551E4AAA0C00285242 /* Base */ = {isa = PBXFileReference; lastKnownFileType = file.storyboard; name = Base; path = Base.lproj/LaunchScreen.storyboard; sourceTree = "<group>"; };
		187895571E4AAA0C00285242 /* Info.plist */ = {isa = PBXFileReference; lastKnownFileType = text.plist.xml; path = Info.plist; sourceTree = "<group>"; };
		1878955D1E4AADAA00285242 /* Background.jpg */ = {isa = PBXFileReference; lastKnownFileType = image.jpeg; path = Background.jpg; sourceTree = "<group>"; };
/* End PBXFileReference section */

/* Begin PBXFrameworksBuildPhase section */
		187895401E4AAA0C00285242 /* Frameworks */ = {
			isa = PBXFrameworksBuildPhase;
			buildActionMask = 2147483647;
			files = (
			);
			runOnlyForDeploymentPostprocessing = 0;
		};
/* End PBXFrameworksBuildPhase section */

/* Begin PBXGroup section */
		1878953A1E4AAA0B00285242 = {
			isa = PBXGroup;
			children = (
				187895451E4AAA0C00285242 /* 170208_LogInScreenExtended */,
				187895441E4AAA0C00285242 /* Products */,
			);
			sourceTree = "<group>";
		};
		187895441E4AAA0C00285242 /* Products */ = {
			isa = PBXGroup;
			children = (
				187895431E4AAA0C00285242 /* 170208_LogInScreenExtended.app */,
			);
			name = Products;
			sourceTree = "<group>";
		};
		187895451E4AAA0C00285242 /* 170208_LogInScreenExtended */ = {
			isa = PBXGroup;
			children = (
				187895491E4AAA0C00285242 /* AppDelegate.h */,
				1878954A1E4AAA0C00285242 /* AppDelegate.m */,
				1878954C1E4AAA0C00285242 /* ViewController.h */,
				1878954D1E4AAA0C00285242 /* ViewController.m */,
				1878954F1E4AAA0C00285242 /* Main.storyboard */,
				187895521E4AAA0C00285242 /* Assets.xcassets */,
				1878955D1E4AADAA00285242 /* Background.jpg */,
				187895541E4AAA0C00285242 /* LaunchScreen.storyboard */,
				187895571E4AAA0C00285242 /* Info.plist */,
				187895461E4AAA0C00285242 /* Supporting Files */,
			);
			path = 170208_LogInScreenExtended;
			sourceTree = "<group>";
		};
		187895461E4AAA0C00285242 /* Supporting Files */ = {
			isa = PBXGroup;
			children = (
				187895471E4AAA0C00285242 /* main.m */,
			);
			name = "Supporting Files";
			sourceTree = "<group>";
		};
/* End PBXGroup section */

/* Begin PBXNativeTarget section */
		187895421E4AAA0C00285242 /* 170208_LogInScreenExtended */ = {
			isa = PBXNativeTarget;
			buildConfigurationList = 1878955A1E4AAA0C00285242 /* Build configuration list for PBXNativeTarget "170208_LogInScreenExtended" */;
			buildPhases = (
				1878953F1E4AAA0C00285242 /* Sources */,
				187895401E4AAA0C00285242 /* Frameworks */,
				187895411E4AAA0C00285242 /* Resources */,
			);
			buildRules = (
			);
			dependencies = (
			);
			name = 170208_LogInScreenExtended;
			productName = 170208_LogInScreenExtended;
			productReference = 187895431E4AAA0C00285242 /* 170208_LogInScreenExtended.app */;
			productType = "com.apple.product-type.application";
		};
/* End PBXNativeTarget section */

/* Begin PBXProject section */
		1878953B1E4AAA0C00285242 /* Project object */ = {
			isa = PBXProject;
			attributes = {
				LastUpgradeCheck = 0810;
				ORGANIZATIONNAME = "Won Suk Choi";
				TargetAttributes = {
					187895421E4AAA0C00285242 = {
						CreatedOnToolsVersion = 8.1;
						ProvisioningStyle = Automatic;
					};
				};
			};
			buildConfigurationList = 1878953E1E4AAA0C00285242 /* Build configuration list for PBXProject "170208_LogInScreenExtended" */;
			compatibilityVersion = "Xcode 3.2";
			developmentRegion = English;
			hasScannedForEncodings = 0;
			knownRegions = (
				en,
				Base,
			);
			mainGroup = 1878953A1E4AAA0B00285242;
			productRefGroup = 187895441E4AAA0C00285242 /* Products */;
			projectDirPath = "";
			projectRoot = "";
			targets = (
				187895421E4AAA0C00285242 /* 170208_LogInScreenExtended */,
			);
		};
/* End PBXProject section */

/* Begin PBXResourcesBuildPhase section */
		187895411E4AAA0C00285242 /* Resources */ = {
			isa = PBXResourcesBuildPhase;
			buildActionMask = 2147483647;
			files = (
				187895561E4AAA0C00285242 /* LaunchScreen.storyboard in Resources */,
				1878955E1E4AADAA00285242 /* Background.jpg in Resources */,
				187895531E4AAA0C00285242 /* Assets.xcassets in Resources */,
				187895511E4AAA0C00285242 /* Main.storyboard in Resources */,
			);
			runOnlyForDeploymentPostprocessing = 0;
		};
/* End PBXResourcesBuildPhase section */

/* Begin PBXSourcesBuildPhase section */
		1878953F1E4AAA0C00285242 /* Sources */ = {
			isa = PBXSourcesBuildPhase;
			buildActionMask = 2147483647;
			files = (
				1878954E1E4AAA0C00285242 /* ViewController.m in Sources */,
				1878954B1E4AAA0C00285242 /* AppDelegate.m in Sources */,
				187895481E4AAA0C00285242 /* main.m in Sources */,
			);
			runOnlyForDeploymentPostprocessing = 0;
		};
/* End PBXSourcesBuildPhase section */

/* Begin PBXVariantGroup section */
		1878954F1E4AAA0C00285242 /* Main.storyboard */ = {
			isa = PBXVariantGroup;
			children = (
				187895501E4AAA0C00285242 /* Base */,
			);
			name = Main.storyboard;
			sourceTree = "<group>";
		};
		187895541E4AAA0C00285242 /* LaunchScreen.storyboard */ = {
			isa = PBXVariantGroup;
			children = (
				187895551E4AAA0C00285242 /* Base */,
			);
			name = LaunchScreen.storyboard;
			sourceTree = "<group>";
		};
/* End PBXVariantGroup section */

/* Begin XCBuildConfiguration section */
		187895581E4AAA0C00285242 /* Debug */ = {
			isa = XCBuildConfiguration;
			buildSettings = {
				ALWAYS_SEARCH_USER_PATHS = NO;
				CLANG_ANALYZER_NONNULL = YES;
				CLANG_CXX_LANGUAGE_STANDARD = "gnu++0x";
				CLANG_CXX_LIBRARY = "libc++";
				CLANG_ENABLE_MODULES = YES;
				CLANG_ENABLE_OBJC_ARC = YES;
				CLANG_WARN_BOOL_CONVERSION = YES;
				CLANG_WARN_CONSTANT_CONVERSION = YES;
				CLANG_WARN_DIRECT_OBJC_ISA_USAGE = YES_ERROR;
				CLANG_WARN_DOCUMENTATION_COMMENTS = YES;
				CLANG_WARN_EMPTY_BODY = YES;
				CLANG_WARN_ENUM_CONVERSION = YES;
				CLANG_WARN_INFINITE_RECURSION = YES;
				CLANG_WARN_INT_CONVERSION = YES;
				CLANG_WARN_OBJC_ROOT_CLASS = YES_ERROR;
				CLANG_WARN_SUSPICIOUS_MOVES = YES;
				CLANG_WARN_UNREACHABLE_CODE = YES;
				CLANG_WARN__DUPLICATE_METHOD_MATCH = YES;
				"CODE_SIGN_IDENTITY[sdk=iphoneos*]" = "iPhone Developer";
				COPY_PHASE_STRIP = NO;
				DEBUG_INFORMATION_FORMAT = dwarf;
				ENABLE_STRICT_OBJC_MSGSEND = YES;
				ENABLE_TESTABILITY = YES;
				GCC_C_LANGUAGE_STANDARD = gnu99;
				GCC_DYNAMIC_NO_PIC = NO;
				GCC_NO_COMMON_BLOCKS = YES;
				GCC_OPTIMIZATION_LEVEL = 0;
				GCC_PREPROCESSOR_DEFINITIONS = (
					"DEBUG=1",
					"$(inherited)",
				);
				GCC_WARN_64_TO_32_BIT_CONVERSION = YES;
				GCC_WARN_ABOUT_RETURN_TYPE = YES_ERROR;
				GCC_WARN_UNDECLARED_SELECTOR = YES;
				GCC_WARN_UNINITIALIZED_AUTOS = YES_AGGRESSIVE;
				GCC_WARN_UNUSED_FUNCTION = YES;
				GCC_WARN_UNUSED_VARIABLE = YES;
				IPHONEOS_DEPLOYMENT_TARGET = 10.1;
				MTL_ENABLE_DEBUG_INFO = YES;
				ONLY_ACTIVE_ARCH = YES;
				SDKROOT = iphoneos;
			};
			name = Debug;
		};
		187895591E4AAA0C00285242 /* Release */ = {
			isa = XCBuildConfiguration;
			buildSettings = {
				ALWAYS_SEARCH_USER_PATHS = NO;
				CLANG_ANALYZER_NONNULL = YES;
				CLANG_CXX_LANGUAGE_STANDARD = "gnu++0x";
				CLANG_CXX_LIBRARY = "libc++";
				CLANG_ENABLE_MODULES = YES;
				CLANG_ENABLE_OBJC_ARC = YES;
				CLANG_WARN_BOOL_CONVERSION = YES;
				CLANG_WARN_CONSTANT_CONVERSION = YES;
				CLANG_WARN_DIRECT_OBJC_ISA_USAGE = YES_ERROR;
				CLANG_WARN_DOCUMENTATION_COMMENTS = YES;
				CLANG_WARN_EMPTY_BODY = YES;
				CLANG_WARN_ENUM_CONVERSION = YES;
				CLANG_WARN_INFINITE_RECURSION = YES;
				CLANG_WARN_INT_CONVERSION = YES;
				CLANG_WARN_OBJC_ROOT_CLASS = YES_ERROR;
				CLANG_WARN_SUSPICIOUS_MOVES = YES;
				CLANG_WARN_UNREACHABLE_CODE = YES;
				CLANG_WARN__DUPLICATE_METHOD_MATCH = YES;
				"CODE_SIGN_IDENTITY[sdk=iphoneos*]" = "iPhone Developer";
				COPY_PHASE_STRIP = NO;
				DEBUG_INFORMATION_FORMAT = "dwarf-with-dsym";
				ENABLE_NS_ASSERTIONS = NO;
				ENABLE_STRICT_OBJC_MSGSEND = YES;
				GCC_C_LANGUAGE_STANDARD = gnu99;
				GCC_NO_COMMON_BLOCKS = YES;
				GCC_WARN_64_TO_32_BIT_CONVERSION = YES;
				GCC_WARN_ABOUT_RETURN_TYPE = YES_ERROR;
				GCC_WARN_UNDECLARED_SELECTOR = YES;
				GCC_WARN_UNINITIALIZED_AUTOS = YES_AGGRESSIVE;
				GCC_WARN_UNUSED_FUNCTION = YES;
				GCC_WARN_UNUSED_VARIABLE = YES;
				IPHONEOS_DEPLOYMENT_TARGET = 10.1;
				MTL_ENABLE_DEBUG_INFO = NO;
				SDKROOT = iphoneos;
				VALIDATE_PRODUCT = YES;
			};
			name = Release;
		};
		1878955B1E4AAA0C00285242 /* Debug */ = {
			isa = XCBuildConfiguration;
			buildSettings = {
				ASSETCATALOG_COMPILER_APPICON_NAME = AppIcon;
				INFOPLIST_FILE = 170208_LogInScreenExtended/Info.plist;
				LD_RUNPATH_SEARCH_PATHS = "$(inherited) @executable_path/Frameworks";
				PRODUCT_BUNDLE_IDENTIFIER = "Puzzlecube.-70208-LogInScreenExtended";
				PRODUCT_NAME = "$(TARGET_NAME)";
			};
			name = Debug;
		};
		1878955C1E4AAA0C00285242 /* Release */ = {
			isa = XCBuildConfiguration;
			buildSettings = {
				ASSETCATALOG_COMPILER_APPICON_NAME = AppIcon;
				INFOPLIST_FILE = 170208_LogInScreenExtended/Info.plist;
				LD_RUNPATH_SEARCH_PATHS = "$(inherited) @executable_path/Frameworks";
				PRODUCT_BUNDLE_IDENTIFIER = "Puzzlecube.-70208-LogInScreenExtended";
				PRODUCT_NAME = "$(TARGET_NAME)";
			};
			name = Release;
		};
/* End XCBuildConfiguration section */

/* Begin XCConfigurationList section */
		1878953E1E4AAA0C00285242 /* Build configuration list for PBXProject "170208_LogInScreenExtended" */ = {
			isa = XCConfigurationList;
			buildConfigurations = (
				187895581E4AAA0C00285242 /* Debug */,
				187895591E4AAA0C00285242 /* Release */,
			);
			defaultConfigurationIsVisible = 0;
			defaultConfigurationName = Release;
		};
		1878955A1E4AAA0C00285242 /* Build configuration list for PBXNativeTarget "170208_LogInScreenExtended" */ = {
			isa = XCConfigurationList;
			buildConfigurations = (
				1878955B1E4AAA0C00285242 /* Debug */,
				1878955C1E4AAA0C00285242 /* Release */,
			);
			defaultConfigurationIsVisible = 0;
		};
/* End XCConfigurationList section */
	};
	rootObject = 1878953B1E4AAA0C00285242 /* Project object */;
}
