// !$*UTF8*$!
{
	archiveVersion = 1;
	classes = {
	};
	objectVersion = 46;
	objects = {

/* Begin PBXBuildFile section */
		18E0A6FB1E305A3700611A8D /* main.m in Sources */ = {isa = PBXBuildFile; fileRef = 18E0A6FA1E305A3700611A8D /* main.m */; };
		18E0A7031E305A4E00611A8D /* GameCharacter.m in Sources */ = {isa = PBXBuildFile; fileRef = 18E0A7021E305A4E00611A8D /* GameCharacter.m */; };
		18E0A7081E305A7F00611A8D /* Human.m in Sources */ = {isa = PBXBuildFile; fileRef = 18E0A7051E305A7F00611A8D /* Human.m */; };
		18E0A7091E305A7F00611A8D /* Orc.m in Sources */ = {isa = PBXBuildFile; fileRef = 18E0A7071E305A7F00611A8D /* Orc.m */; };
		18E0A70C1E30612000611A8D /* Person.m in Sources */ = {isa = PBXBuildFile; fileRef = 18E0A70B1E30612000611A8D /* Person.m */; };
		18E0A70F1E30628200611A8D /* Student.m in Sources */ = {isa = PBXBuildFile; fileRef = 18E0A70E1E30628200611A8D /* Student.m */; };
		18E0A7121E306A6200611A8D /* UniversityStudent.m in Sources */ = {isa = PBXBuildFile; fileRef = 18E0A7111E306A6200611A8D /* UniversityStudent.m */; };
/* End PBXBuildFile section */

/* Begin PBXCopyFilesBuildPhase section */
		18E0A6F51E305A3600611A8D /* CopyFiles */ = {
			isa = PBXCopyFilesBuildPhase;
			buildActionMask = 2147483647;
			dstPath = /usr/share/man/man1/;
			dstSubfolderSpec = 0;
			files = (
			);
			runOnlyForDeploymentPostprocessing = 1;
		};
/* End PBXCopyFilesBuildPhase section */

/* Begin PBXFileReference section */
		18E0A6F71E305A3600611A8D /* 0119_GameInheritance */ = {isa = PBXFileReference; explicitFileType = "compiled.mach-o.executable"; includeInIndex = 0; path = 0119_GameInheritance; sourceTree = BUILT_PRODUCTS_DIR; };
		18E0A6FA1E305A3700611A8D /* main.m */ = {isa = PBXFileReference; lastKnownFileType = sourcecode.c.objc; path = main.m; sourceTree = "<group>"; };
		18E0A7011E305A4E00611A8D /* GameCharacter.h */ = {isa = PBXFileReference; fileEncoding = 4; lastKnownFileType = sourcecode.c.h; path = GameCharacter.h; sourceTree = "<group>"; };
		18E0A7021E305A4E00611A8D /* GameCharacter.m */ = {isa = PBXFileReference; fileEncoding = 4; lastKnownFileType = sourcecode.c.objc; path = GameCharacter.m; sourceTree = "<group>"; };
		18E0A7041E305A7F00611A8D /* Human.h */ = {isa = PBXFileReference; fileEncoding = 4; lastKnownFileType = sourcecode.c.h; path = Human.h; sourceTree = "<group>"; };
		18E0A7051E305A7F00611A8D /* Human.m */ = {isa = PBXFileReference; fileEncoding = 4; lastKnownFileType = sourcecode.c.objc; path = Human.m; sourceTree = "<group>"; };
		18E0A7061E305A7F00611A8D /* Orc.h */ = {isa = PBXFileReference; fileEncoding = 4; lastKnownFileType = sourcecode.c.h; path = Orc.h; sourceTree = "<group>"; };
		18E0A7071E305A7F00611A8D /* Orc.m */ = {isa = PBXFileReference; fileEncoding = 4; lastKnownFileType = sourcecode.c.objc; path = Orc.m; sourceTree = "<group>"; };
		18E0A70A1E30612000611A8D /* Person.h */ = {isa = PBXFileReference; fileEncoding = 4; lastKnownFileType = sourcecode.c.h; path = Person.h; sourceTree = "<group>"; };
		18E0A70B1E30612000611A8D /* Person.m */ = {isa = PBXFileReference; fileEncoding = 4; lastKnownFileType = sourcecode.c.objc; path = Person.m; sourceTree = "<group>"; };
		18E0A70D1E30628200611A8D /* Student.h */ = {isa = PBXFileReference; fileEncoding = 4; lastKnownFileType = sourcecode.c.h; path = Student.h; sourceTree = "<group>"; };
		18E0A70E1E30628200611A8D /* Student.m */ = {isa = PBXFileReference; fileEncoding = 4; lastKnownFileType = sourcecode.c.objc; path = Student.m; sourceTree = "<group>"; };
		18E0A7101E306A6200611A8D /* UniversityStudent.h */ = {isa = PBXFileReference; fileEncoding = 4; lastKnownFileType = sourcecode.c.h; path = UniversityStudent.h; sourceTree = "<group>"; };
		18E0A7111E306A6200611A8D /* UniversityStudent.m */ = {isa = PBXFileReference; fileEncoding = 4; lastKnownFileType = sourcecode.c.objc; path = UniversityStudent.m; sourceTree = "<group>"; };
/* End PBXFileReference section */

/* Begin PBXFrameworksBuildPhase section */
		18E0A6F41E305A3600611A8D /* Frameworks */ = {
			isa = PBXFrameworksBuildPhase;
			buildActionMask = 2147483647;
			files = (
			);
			runOnlyForDeploymentPostprocessing = 0;
		};
/* End PBXFrameworksBuildPhase section */

/* Begin PBXGroup section */
		18E0A6EE1E305A3600611A8D = {
			isa = PBXGroup;
			children = (
				18E0A6F91E305A3600611A8D /* 0119_GameInheritance */,
				18E0A6F81E305A3600611A8D /* Products */,
			);
			sourceTree = "<group>";
		};
		18E0A6F81E305A3600611A8D /* Products */ = {
			isa = PBXGroup;
			children = (
				18E0A6F71E305A3600611A8D /* 0119_GameInheritance */,
			);
			name = Products;
			sourceTree = "<group>";
		};
		18E0A6F91E305A3600611A8D /* 0119_GameInheritance */ = {
			isa = PBXGroup;
			children = (
				18E0A6FA1E305A3700611A8D /* main.m */,
				18E0A7011E305A4E00611A8D /* GameCharacter.h */,
				18E0A7021E305A4E00611A8D /* GameCharacter.m */,
				18E0A7041E305A7F00611A8D /* Human.h */,
				18E0A7051E305A7F00611A8D /* Human.m */,
				18E0A7061E305A7F00611A8D /* Orc.h */,
				18E0A7071E305A7F00611A8D /* Orc.m */,
				18E0A70A1E30612000611A8D /* Person.h */,
				18E0A70B1E30612000611A8D /* Person.m */,
				18E0A70D1E30628200611A8D /* Student.h */,
				18E0A70E1E30628200611A8D /* Student.m */,
				18E0A7101E306A6200611A8D /* UniversityStudent.h */,
				18E0A7111E306A6200611A8D /* UniversityStudent.m */,
			);
			path = 0119_GameInheritance;
			sourceTree = "<group>";
		};
/* End PBXGroup section */

/* Begin PBXNativeTarget section */
		18E0A6F61E305A3600611A8D /* 0119_GameInheritance */ = {
			isa = PBXNativeTarget;
			buildConfigurationList = 18E0A6FE1E305A3700611A8D /* Build configuration list for PBXNativeTarget "0119_GameInheritance" */;
			buildPhases = (
				18E0A6F31E305A3600611A8D /* Sources */,
				18E0A6F41E305A3600611A8D /* Frameworks */,
				18E0A6F51E305A3600611A8D /* CopyFiles */,
			);
			buildRules = (
			);
			dependencies = (
			);
			name = 0119_GameInheritance;
			productName = 0119_GameInheritance;
			productReference = 18E0A6F71E305A3600611A8D /* 0119_GameInheritance */;
			productType = "com.apple.product-type.tool";
		};
/* End PBXNativeTarget section */

/* Begin PBXProject section */
		18E0A6EF1E305A3600611A8D /* Project object */ = {
			isa = PBXProject;
			attributes = {
				LastUpgradeCheck = 0810;
				ORGANIZATIONNAME = "Won Suk Choi";
				TargetAttributes = {
					18E0A6F61E305A3600611A8D = {
						CreatedOnToolsVersion = 8.1;
						ProvisioningStyle = Automatic;
					};
				};
			};
			buildConfigurationList = 18E0A6F21E305A3600611A8D /* Build configuration list for PBXProject "0119_GameInheritance" */;
			compatibilityVersion = "Xcode 3.2";
			developmentRegion = English;
			hasScannedForEncodings = 0;
			knownRegions = (
				en,
			);
			mainGroup = 18E0A6EE1E305A3600611A8D;
			productRefGroup = 18E0A6F81E305A3600611A8D /* Products */;
			projectDirPath = "";
			projectRoot = "";
			targets = (
				18E0A6F61E305A3600611A8D /* 0119_GameInheritance */,
			);
		};
/* End PBXProject section */

/* Begin PBXSourcesBuildPhase section */
		18E0A6F31E305A3600611A8D /* Sources */ = {
			isa = PBXSourcesBuildPhase;
			buildActionMask = 2147483647;
			files = (
				18E0A7091E305A7F00611A8D /* Orc.m in Sources */,
				18E0A7121E306A6200611A8D /* UniversityStudent.m in Sources */,
				18E0A7081E305A7F00611A8D /* Human.m in Sources */,
				18E0A70C1E30612000611A8D /* Person.m in Sources */,
				18E0A6FB1E305A3700611A8D /* main.m in Sources */,
				18E0A7031E305A4E00611A8D /* GameCharacter.m in Sources */,
				18E0A70F1E30628200611A8D /* Student.m in Sources */,
			);
			runOnlyForDeploymentPostprocessing = 0;
		};
/* End PBXSourcesBuildPhase section */

/* Begin XCBuildConfiguration section */
		18E0A6FC1E305A3700611A8D /* Debug */ = {
			isa = XCBuildConfiguration;
			buildSettings = {
				ALWAYS_SEARCH_USER_PATHS = NO;
				CLANG_ANALYZER_NONNULL = YES;
				CLANG_CXX_LANGUAGE_STANDARD = "gnu++0x";
				CLANG_CXX_LIBRARY = "libc++";
				CLANG_ENABLE_MODULES = YES;
				CLANG_ENABLE_OBJC_ARC = YES;
				CLANG_WARN_BOOL_CONVERSION = YES;
				CLANG_WARN_CONSTANT_CONVERSION = YES;
				CLANG_WARN_DIRECT_OBJC_ISA_USAGE = YES_ERROR;
				CLANG_WARN_DOCUMENTATION_COMMENTS = YES;
				CLANG_WARN_EMPTY_BODY = YES;
				CLANG_WARN_ENUM_CONVERSION = YES;
				CLANG_WARN_INFINITE_RECURSION = YES;
				CLANG_WARN_INT_CONVERSION = YES;
				CLANG_WARN_OBJC_ROOT_CLASS = YES_ERROR;
				CLANG_WARN_SUSPICIOUS_MOVES = YES;
				CLANG_WARN_UNREACHABLE_CODE = YES;
				CLANG_WARN__DUPLICATE_METHOD_MATCH = YES;
				CODE_SIGN_IDENTITY = "-";
				COPY_PHASE_STRIP = NO;
				DEBUG_INFORMATION_FORMAT = dwarf;
				ENABLE_STRICT_OBJC_MSGSEND = YES;
				ENABLE_TESTABILITY = YES;
				GCC_C_LANGUAGE_STANDARD = gnu99;
				GCC_DYNAMIC_NO_PIC = NO;
				GCC_NO_COMMON_BLOCKS = YES;
				GCC_OPTIMIZATION_LEVEL = 0;
				GCC_PREPROCESSOR_DEFINITIONS = (
					"DEBUG=1",
					"$(inherited)",
				);
				GCC_WARN_64_TO_32_BIT_CONVERSION = YES;
				GCC_WARN_ABOUT_RETURN_TYPE = YES_ERROR;
				GCC_WARN_UNDECLARED_SELECTOR = YES;
				GCC_WARN_UNINITIALIZED_AUTOS = YES_AGGRESSIVE;
				GCC_WARN_UNUSED_FUNCTION = YES;
				GCC_WARN_UNUSED_VARIABLE = YES;
				MACOSX_DEPLOYMENT_TARGET = 10.12;
				MTL_ENABLE_DEBUG_INFO = YES;
				ONLY_ACTIVE_ARCH = YES;
				SDKROOT = macosx;
			};
			name = Debug;
		};
		18E0A6FD1E305A3700611A8D /* Release */ = {
			isa = XCBuildConfiguration;
			buildSettings = {
				ALWAYS_SEARCH_USER_PATHS = NO;
				CLANG_ANALYZER_NONNULL = YES;
				CLANG_CXX_LANGUAGE_STANDARD = "gnu++0x";
				CLANG_CXX_LIBRARY = "libc++";
				CLANG_ENABLE_MODULES = YES;
				CLANG_ENABLE_OBJC_ARC = YES;
				CLANG_WARN_BOOL_CONVERSION = YES;
				CLANG_WARN_CONSTANT_CONVERSION = YES;
				CLANG_WARN_DIRECT_OBJC_ISA_USAGE = YES_ERROR;
				CLANG_WARN_DOCUMENTATION_COMMENTS = YES;
				CLANG_WARN_EMPTY_BODY = YES;
				CLANG_WARN_ENUM_CONVERSION = YES;
				CLANG_WARN_INFINITE_RECURSION = YES;
				CLANG_WARN_INT_CONVERSION = YES;
				CLANG_WARN_OBJC_ROOT_CLASS = YES_ERROR;
				CLANG_WARN_SUSPICIOUS_MOVES = YES;
				CLANG_WARN_UNREACHABLE_CODE = YES;
				CLANG_WARN__DUPLICATE_METHOD_MATCH = YES;
				CODE_SIGN_IDENTITY = "-";
				COPY_PHASE_STRIP = NO;
				DEBUG_INFORMATION_FORMAT = "dwarf-with-dsym";
				ENABLE_NS_ASSERTIONS = NO;
				ENABLE_STRICT_OBJC_MSGSEND = YES;
				GCC_C_LANGUAGE_STANDARD = gnu99;
				GCC_NO_COMMON_BLOCKS = YES;
				GCC_WARN_64_TO_32_BIT_CONVERSION = YES;
				GCC_WARN_ABOUT_RETURN_TYPE = YES_ERROR;
				GCC_WARN_UNDECLARED_SELECTOR = YES;
				GCC_WARN_UNINITIALIZED_AUTOS = YES_AGGRESSIVE;
				GCC_WARN_UNUSED_FUNCTION = YES;
				GCC_WARN_UNUSED_VARIABLE = YES;
				MACOSX_DEPLOYMENT_TARGET = 10.12;
				MTL_ENABLE_DEBUG_INFO = NO;
				SDKROOT = macosx;
			};
			name = Release;
		};
		18E0A6FF1E305A3700611A8D /* Debug */ = {
			isa = XCBuildConfiguration;
			buildSettings = {
				PRODUCT_NAME = "$(TARGET_NAME)";
			};
			name = Debug;
		};
		18E0A7001E305A3700611A8D /* Release */ = {
			isa = XCBuildConfiguration;
			buildSettings = {
				PRODUCT_NAME = "$(TARGET_NAME)";
			};
			name = Release;
		};
/* End XCBuildConfiguration section */

/* Begin XCConfigurationList section */
		18E0A6F21E305A3600611A8D /* Build configuration list for PBXProject "0119_GameInheritance" */ = {
			isa = XCConfigurationList;
			buildConfigurations = (
				18E0A6FC1E305A3700611A8D /* Debug */,
				18E0A6FD1E305A3700611A8D /* Release */,
			);
			defaultConfigurationIsVisible = 0;
			defaultConfigurationName = Release;
		};
		18E0A6FE1E305A3700611A8D /* Build configuration list for PBXNativeTarget "0119_GameInheritance" */ = {
			isa = XCConfigurationList;
			buildConfigurations = (
				18E0A6FF1E305A3700611A8D /* Debug */,
				18E0A7001E305A3700611A8D /* Release */,
			);
			defaultConfigurationIsVisible = 0;
		};
/* End XCConfigurationList section */
	};
	rootObject = 18E0A6EF1E305A3600611A8D /* Project object */;
}
