// !$*UTF8*$!
{
	archiveVersion = 1;
	classes = {
	};
	objectVersion = 46;
	objects = {

/* Begin PBXBuildFile section */
		18E0A73C1E31CE3A00611A8D /* main.m in Sources */ = {isa = PBXBuildFile; fileRef = 18E0A73B1E31CE3A00611A8D /* main.m */; };
		18E0A7441E31CE9200611A8D /* Machine.m in Sources */ = {isa = PBXBuildFile; fileRef = 18E0A7431E31CE9200611A8D /* Machine.m */; };
		18E0A7481E31CEA700611A8D /* CoffeeMachine.m in Sources */ = {isa = PBXBuildFile; fileRef = 18E0A7471E31CEA700611A8D /* CoffeeMachine.m */; };
/* End PBXBuildFile section */

/* Begin PBXCopyFilesBuildPhase section */
		18E0A7361E31CE3A00611A8D /* CopyFiles */ = {
			isa = PBXCopyFilesBuildPhase;
			buildActionMask = 2147483647;
			dstPath = /usr/share/man/man1/;
			dstSubfolderSpec = 0;
			files = (
			);
			runOnlyForDeploymentPostprocessing = 1;
		};
/* End PBXCopyFilesBuildPhase section */

/* Begin PBXFileReference section */
		18E0A7381E31CE3A00611A8D /* Week1_Practice */ = {isa = PBXFileReference; explicitFileType = "compiled.mach-o.executable"; includeInIndex = 0; path = Week1_Practice; sourceTree = BUILT_PRODUCTS_DIR; };
		18E0A73B1E31CE3A00611A8D /* main.m */ = {isa = PBXFileReference; lastKnownFileType = sourcecode.c.objc; path = main.m; sourceTree = "<group>"; };
		18E0A7421E31CE9200611A8D /* Machine.h */ = {isa = PBXFileReference; fileEncoding = 4; lastKnownFileType = sourcecode.c.h; path = Machine.h; sourceTree = "<group>"; };
		18E0A7431E31CE9200611A8D /* Machine.m */ = {isa = PBXFileReference; fileEncoding = 4; lastKnownFileType = sourcecode.c.objc; path = Machine.m; sourceTree = "<group>"; };
		18E0A7461E31CEA700611A8D /* CoffeeMachine.h */ = {isa = PBXFileReference; fileEncoding = 4; lastKnownFileType = sourcecode.c.h; path = CoffeeMachine.h; sourceTree = "<group>"; };
		18E0A7471E31CEA700611A8D /* CoffeeMachine.m */ = {isa = PBXFileReference; fileEncoding = 4; lastKnownFileType = sourcecode.c.objc; path = CoffeeMachine.m; sourceTree = "<group>"; };
/* End PBXFileReference section */

/* Begin PBXFrameworksBuildPhase section */
		18E0A7351E31CE3A00611A8D /* Frameworks */ = {
			isa = PBXFrameworksBuildPhase;
			buildActionMask = 2147483647;
			files = (
			);
			runOnlyForDeploymentPostprocessing = 0;
		};
/* End PBXFrameworksBuildPhase section */

/* Begin PBXGroup section */
		18E0A72F1E31CE3A00611A8D = {
			isa = PBXGroup;
			children = (
				18E0A73A1E31CE3A00611A8D /* Week1_Practice */,
				18E0A7391E31CE3A00611A8D /* Products */,
			);
			sourceTree = "<group>";
		};
		18E0A7391E31CE3A00611A8D /* Products */ = {
			isa = PBXGroup;
			children = (
				18E0A7381E31CE3A00611A8D /* Week1_Practice */,
			);
			name = Products;
			sourceTree = "<group>";
		};
		18E0A73A1E31CE3A00611A8D /* Week1_Practice */ = {
			isa = PBXGroup;
			children = (
				18E0A73B1E31CE3A00611A8D /* main.m */,
				18E0A7421E31CE9200611A8D /* Machine.h */,
				18E0A7431E31CE9200611A8D /* Machine.m */,
				18E0A7461E31CEA700611A8D /* CoffeeMachine.h */,
				18E0A7471E31CEA700611A8D /* CoffeeMachine.m */,
			);
			path = Week1_Practice;
			sourceTree = "<group>";
		};
/* End PBXGroup section */

/* Begin PBXNativeTarget section */
		18E0A7371E31CE3A00611A8D /* Week1_Practice */ = {
			isa = PBXNativeTarget;
			buildConfigurationList = 18E0A73F1E31CE3A00611A8D /* Build configuration list for PBXNativeTarget "Week1_Practice" */;
			buildPhases = (
				18E0A7341E31CE3A00611A8D /* Sources */,
				18E0A7351E31CE3A00611A8D /* Frameworks */,
				18E0A7361E31CE3A00611A8D /* CopyFiles */,
			);
			buildRules = (
			);
			dependencies = (
			);
			name = Week1_Practice;
			productName = Week1_Practice;
			productReference = 18E0A7381E31CE3A00611A8D /* Week1_Practice */;
			productType = "com.apple.product-type.tool";
		};
/* End PBXNativeTarget section */

/* Begin PBXProject section */
		18E0A7301E31CE3A00611A8D /* Project object */ = {
			isa = PBXProject;
			attributes = {
				LastUpgradeCheck = 0810;
				ORGANIZATIONNAME = "Won Suk Choi";
				TargetAttributes = {
					18E0A7371E31CE3A00611A8D = {
						CreatedOnToolsVersion = 8.1;
						ProvisioningStyle = Automatic;
					};
				};
			};
			buildConfigurationList = 18E0A7331E31CE3A00611A8D /* Build configuration list for PBXProject "Week1_Practice" */;
			compatibilityVersion = "Xcode 3.2";
			developmentRegion = English;
			hasScannedForEncodings = 0;
			knownRegions = (
				en,
			);
			mainGroup = 18E0A72F1E31CE3A00611A8D;
			productRefGroup = 18E0A7391E31CE3A00611A8D /* Products */;
			projectDirPath = "";
			projectRoot = "";
			targets = (
				18E0A7371E31CE3A00611A8D /* Week1_Practice */,
			);
		};
/* End PBXProject section */

/* Begin PBXSourcesBuildPhase section */
		18E0A7341E31CE3A00611A8D /* Sources */ = {
			isa = PBXSourcesBuildPhase;
			buildActionMask = 2147483647;
			files = (
				18E0A7481E31CEA700611A8D /* CoffeeMachine.m in Sources */,
				18E0A73C1E31CE3A00611A8D /* main.m in Sources */,
				18E0A7441E31CE9200611A8D /* Machine.m in Sources */,
			);
			runOnlyForDeploymentPostprocessing = 0;
		};
/* End PBXSourcesBuildPhase section */

/* Begin XCBuildConfiguration section */
		18E0A73D1E31CE3A00611A8D /* Debug */ = {
			isa = XCBuildConfiguration;
			buildSettings = {
				ALWAYS_SEARCH_USER_PATHS = NO;
				CLANG_ANALYZER_NONNULL = YES;
				CLANG_CXX_LANGUAGE_STANDARD = "gnu++0x";
				CLANG_CXX_LIBRARY = "libc++";
				CLANG_ENABLE_MODULES = YES;
				CLANG_ENABLE_OBJC_ARC = YES;
				CLANG_WARN_BOOL_CONVERSION = YES;
				CLANG_WARN_CONSTANT_CONVERSION = YES;
				CLANG_WARN_DIRECT_OBJC_ISA_USAGE = YES_ERROR;
				CLANG_WARN_DOCUMENTATION_COMMENTS = YES;
				CLANG_WARN_EMPTY_BODY = YES;
				CLANG_WARN_ENUM_CONVERSION = YES;
				CLANG_WARN_INFINITE_RECURSION = YES;
				CLANG_WARN_INT_CONVERSION = YES;
				CLANG_WARN_OBJC_ROOT_CLASS = YES_ERROR;
				CLANG_WARN_SUSPICIOUS_MOVES = YES;
				CLANG_WARN_UNREACHABLE_CODE = YES;
				CLANG_WARN__DUPLICATE_METHOD_MATCH = YES;
				CODE_SIGN_IDENTITY = "-";
				COPY_PHASE_STRIP = NO;
				DEBUG_INFORMATION_FORMAT = dwarf;
				ENABLE_STRICT_OBJC_MSGSEND = YES;
				ENABLE_TESTABILITY = YES;
				GCC_C_LANGUAGE_STANDARD = gnu99;
				GCC_DYNAMIC_NO_PIC = NO;
				GCC_NO_COMMON_BLOCKS = YES;
				GCC_OPTIMIZATION_LEVEL = 0;
				GCC_PREPROCESSOR_DEFINITIONS = (
					"DEBUG=1",
					"$(inherited)",
				);
				GCC_WARN_64_TO_32_BIT_CONVERSION = YES;
				GCC_WARN_ABOUT_RETURN_TYPE = YES_ERROR;
				GCC_WARN_UNDECLARED_SELECTOR = YES;
				GCC_WARN_UNINITIALIZED_AUTOS = YES_AGGRESSIVE;
				GCC_WARN_UNUSED_FUNCTION = YES;
				GCC_WARN_UNUSED_VARIABLE = YES;
				MACOSX_DEPLOYMENT_TARGET = 10.12;
				MTL_ENABLE_DEBUG_INFO = YES;
				ONLY_ACTIVE_ARCH = YES;
				SDKROOT = macosx;
			};
			name = Debug;
		};
		18E0A73E1E31CE3A00611A8D /* Release */ = {
			isa = XCBuildConfiguration;
			buildSettings = {
				ALWAYS_SEARCH_USER_PATHS = NO;
				CLANG_ANALYZER_NONNULL = YES;
				CLANG_CXX_LANGUAGE_STANDARD = "gnu++0x";
				CLANG_CXX_LIBRARY = "libc++";
				CLANG_ENABLE_MODULES = YES;
				CLANG_ENABLE_OBJC_ARC = YES;
				CLANG_WARN_BOOL_CONVERSION = YES;
				CLANG_WARN_CONSTANT_CONVERSION = YES;
				CLANG_WARN_DIRECT_OBJC_ISA_USAGE = YES_ERROR;
				CLANG_WARN_DOCUMENTATION_COMMENTS = YES;
				CLANG_WARN_EMPTY_BODY = YES;
				CLANG_WARN_ENUM_CONVERSION = YES;
				CLANG_WARN_INFINITE_RECURSION = YES;
				CLANG_WARN_INT_CONVERSION = YES;
				CLANG_WARN_OBJC_ROOT_CLASS = YES_ERROR;
				CLANG_WARN_SUSPICIOUS_MOVES = YES;
				CLANG_WARN_UNREACHABLE_CODE = YES;
				CLANG_WARN__DUPLICATE_METHOD_MATCH = YES;
				CODE_SIGN_IDENTITY = "-";
				COPY_PHASE_STRIP = NO;
				DEBUG_INFORMATION_FORMAT = "dwarf-with-dsym";
				ENABLE_NS_ASSERTIONS = NO;
				ENABLE_STRICT_OBJC_MSGSEND = YES;
				GCC_C_LANGUAGE_STANDARD = gnu99;
				GCC_NO_COMMON_BLOCKS = YES;
				GCC_WARN_64_TO_32_BIT_CONVERSION = YES;
				GCC_WARN_ABOUT_RETURN_TYPE = YES_ERROR;
				GCC_WARN_UNDECLARED_SELECTOR = YES;
				GCC_WARN_UNINITIALIZED_AUTOS = YES_AGGRESSIVE;
				GCC_WARN_UNUSED_FUNCTION = YES;
				GCC_WARN_UNUSED_VARIABLE = YES;
				MACOSX_DEPLOYMENT_TARGET = 10.12;
				MTL_ENABLE_DEBUG_INFO = NO;
				SDKROOT = macosx;
			};
			name = Release;
		};
		18E0A7401E31CE3A00611A8D /* Debug */ = {
			isa = XCBuildConfiguration;
			buildSettings = {
				PRODUCT_NAME = "$(TARGET_NAME)";
			};
			name = Debug;
		};
		18E0A7411E31CE3A00611A8D /* Release */ = {
			isa = XCBuildConfiguration;
			buildSettings = {
				PRODUCT_NAME = "$(TARGET_NAME)";
			};
			name = Release;
		};
/* End XCBuildConfiguration section */

/* Begin XCConfigurationList section */
		18E0A7331E31CE3A00611A8D /* Build configuration list for PBXProject "Week1_Practice" */ = {
			isa = XCConfigurationList;
			buildConfigurations = (
				18E0A73D1E31CE3A00611A8D /* Debug */,
				18E0A73E1E31CE3A00611A8D /* Release */,
			);
			defaultConfigurationIsVisible = 0;
			defaultConfigurationName = Release;
		};
		18E0A73F1E31CE3A00611A8D /* Build configuration list for PBXNativeTarget "Week1_Practice" */ = {
			isa = XCConfigurationList;
			buildConfigurations = (
				18E0A7401E31CE3A00611A8D /* Debug */,
				18E0A7411E31CE3A00611A8D /* Release */,
			);
			defaultConfigurationIsVisible = 0;
		};
/* End XCConfigurationList section */
	};
	rootObject = 18E0A7301E31CE3A00611A8D /* Project object */;
}
