// !$*UTF8*$!
{
	archiveVersion = 1;
	classes = {
	};
	objectVersion = 46;
	objects = {

/* Begin PBXBuildFile section */
		18B8583B1E5A8B95004B83EF /* main.m in Sources */ = {isa = PBXBuildFile; fileRef = 18B8583A1E5A8B95004B83EF /* main.m */; };
		18B8583E1E5A8B95004B83EF /* AppDelegate.m in Sources */ = {isa = PBXBuildFile; fileRef = 18B8583D1E5A8B95004B83EF /* AppDelegate.m */; };
		18B858411E5A8B95004B83EF /* ViewController.m in Sources */ = {isa = PBXBuildFile; fileRef = 18B858401E5A8B95004B83EF /* ViewController.m */; };
		18B858441E5A8B95004B83EF /* Main.storyboard in Resources */ = {isa = PBXBuildFile; fileRef = 18B858421E5A8B95004B83EF /* Main.storyboard */; };
		18B858461E5A8B95004B83EF /* Assets.xcassets in Resources */ = {isa = PBXBuildFile; fileRef = 18B858451E5A8B95004B83EF /* Assets.xcassets */; };
		18B858491E5A8B95004B83EF /* LaunchScreen.storyboard in Resources */ = {isa = PBXBuildFile; fileRef = 18B858471E5A8B95004B83EF /* LaunchScreen.storyboard */; };
		18B858521E5A8BE1004B83EF /* SecondViewController.m in Sources */ = {isa = PBXBuildFile; fileRef = 18B858511E5A8BE1004B83EF /* SecondViewController.m */; };
		18B858561E5A94A6004B83EF /* XSecondViewController.m in Sources */ = {isa = PBXBuildFile; fileRef = 18B858541E5A94A6004B83EF /* XSecondViewController.m */; };
		18B858571E5A94A6004B83EF /* XSecondViewController.xib in Resources */ = {isa = PBXBuildFile; fileRef = 18B858551E5A94A6004B83EF /* XSecondViewController.xib */; };
/* End PBXBuildFile section */

/* Begin PBXFileReference section */
		18B858361E5A8B95004B83EF /* 170220_UIViewController&Nib.app */ = {isa = PBXFileReference; explicitFileType = wrapper.application; includeInIndex = 0; path = "170220_UIViewController&Nib.app"; sourceTree = BUILT_PRODUCTS_DIR; };
		18B8583A1E5A8B95004B83EF /* main.m */ = {isa = PBXFileReference; lastKnownFileType = sourcecode.c.objc; path = main.m; sourceTree = "<group>"; };
		18B8583C1E5A8B95004B83EF /* AppDelegate.h */ = {isa = PBXFileReference; lastKnownFileType = sourcecode.c.h; path = AppDelegate.h; sourceTree = "<group>"; };
		18B8583D1E5A8B95004B83EF /* AppDelegate.m */ = {isa = PBXFileReference; lastKnownFileType = sourcecode.c.objc; path = AppDelegate.m; sourceTree = "<group>"; };
		18B8583F1E5A8B95004B83EF /* ViewController.h */ = {isa = PBXFileReference; lastKnownFileType = sourcecode.c.h; path = ViewController.h; sourceTree = "<group>"; };
		18B858401E5A8B95004B83EF /* ViewController.m */ = {isa = PBXFileReference; lastKnownFileType = sourcecode.c.objc; path = ViewController.m; sourceTree = "<group>"; };
		18B858431E5A8B95004B83EF /* Base */ = {isa = PBXFileReference; lastKnownFileType = file.storyboard; name = Base; path = Base.lproj/Main.storyboard; sourceTree = "<group>"; };
		18B858451E5A8B95004B83EF /* Assets.xcassets */ = {isa = PBXFileReference; lastKnownFileType = folder.assetcatalog; path = Assets.xcassets; sourceTree = "<group>"; };
		18B858481E5A8B95004B83EF /* Base */ = {isa = PBXFileReference; lastKnownFileType = file.storyboard; name = Base; path = Base.lproj/LaunchScreen.storyboard; sourceTree = "<group>"; };
		18B8584A1E5A8B95004B83EF /* Info.plist */ = {isa = PBXFileReference; lastKnownFileType = text.plist.xml; path = Info.plist; sourceTree = "<group>"; };
		18B858501E5A8BE1004B83EF /* SecondViewController.h */ = {isa = PBXFileReference; fileEncoding = 4; lastKnownFileType = sourcecode.c.h; path = SecondViewController.h; sourceTree = "<group>"; };
		18B858511E5A8BE1004B83EF /* SecondViewController.m */ = {isa = PBXFileReference; fileEncoding = 4; lastKnownFileType = sourcecode.c.objc; path = SecondViewController.m; sourceTree = "<group>"; };
		18B858531E5A94A6004B83EF /* XSecondViewController.h */ = {isa = PBXFileReference; fileEncoding = 4; lastKnownFileType = sourcecode.c.h; path = XSecondViewController.h; sourceTree = "<group>"; };
		18B858541E5A94A6004B83EF /* XSecondViewController.m */ = {isa = PBXFileReference; fileEncoding = 4; lastKnownFileType = sourcecode.c.objc; path = XSecondViewController.m; sourceTree = "<group>"; };
		18B858551E5A94A6004B83EF /* XSecondViewController.xib */ = {isa = PBXFileReference; fileEncoding = 4; lastKnownFileType = file.xib; path = XSecondViewController.xib; sourceTree = "<group>"; };
/* End PBXFileReference section */

/* Begin PBXFrameworksBuildPhase section */
		18B858331E5A8B95004B83EF /* Frameworks */ = {
			isa = PBXFrameworksBuildPhase;
			buildActionMask = 2147483647;
			files = (
			);
			runOnlyForDeploymentPostprocessing = 0;
		};
/* End PBXFrameworksBuildPhase section */

/* Begin PBXGroup section */
		18B8582D1E5A8B95004B83EF = {
			isa = PBXGroup;
			children = (
				18B858381E5A8B95004B83EF /* 170220_UIViewController&Nib */,
				18B858371E5A8B95004B83EF /* Products */,
			);
			sourceTree = "<group>";
		};
		18B858371E5A8B95004B83EF /* Products */ = {
			isa = PBXGroup;
			children = (
				18B858361E5A8B95004B83EF /* 170220_UIViewController&Nib.app */,
			);
			name = Products;
			sourceTree = "<group>";
		};
		18B858381E5A8B95004B83EF /* 170220_UIViewController&Nib */ = {
			isa = PBXGroup;
			children = (
				18B8583C1E5A8B95004B83EF /* AppDelegate.h */,
				18B8583D1E5A8B95004B83EF /* AppDelegate.m */,
				18B8583F1E5A8B95004B83EF /* ViewController.h */,
				18B858401E5A8B95004B83EF /* ViewController.m */,
				18B858501E5A8BE1004B83EF /* SecondViewController.h */,
				18B858511E5A8BE1004B83EF /* SecondViewController.m */,
				18B858531E5A94A6004B83EF /* XSecondViewController.h */,
				18B858541E5A94A6004B83EF /* XSecondViewController.m */,
				18B858551E5A94A6004B83EF /* XSecondViewController.xib */,
				18B858421E5A8B95004B83EF /* Main.storyboard */,
				18B858451E5A8B95004B83EF /* Assets.xcassets */,
				18B858471E5A8B95004B83EF /* LaunchScreen.storyboard */,
				18B8584A1E5A8B95004B83EF /* Info.plist */,
				18B858391E5A8B95004B83EF /* Supporting Files */,
			);
			path = "170220_UIViewController&Nib";
			sourceTree = "<group>";
		};
		18B858391E5A8B95004B83EF /* Supporting Files */ = {
			isa = PBXGroup;
			children = (
				18B8583A1E5A8B95004B83EF /* main.m */,
			);
			name = "Supporting Files";
			sourceTree = "<group>";
		};
/* End PBXGroup section */

/* Begin PBXNativeTarget section */
		18B858351E5A8B95004B83EF /* 170220_UIViewController&Nib */ = {
			isa = PBXNativeTarget;
			buildConfigurationList = 18B8584D1E5A8B95004B83EF /* Build configuration list for PBXNativeTarget "170220_UIViewController&Nib" */;
			buildPhases = (
				18B858321E5A8B95004B83EF /* Sources */,
				18B858331E5A8B95004B83EF /* Frameworks */,
				18B858341E5A8B95004B83EF /* Resources */,
			);
			buildRules = (
			);
			dependencies = (
			);
			name = "170220_UIViewController&Nib";
			productName = "170220_UIViewController&Nib";
			productReference = 18B858361E5A8B95004B83EF /* 170220_UIViewController&Nib.app */;
			productType = "com.apple.product-type.application";
		};
/* End PBXNativeTarget section */

/* Begin PBXProject section */
		18B8582E1E5A8B95004B83EF /* Project object */ = {
			isa = PBXProject;
			attributes = {
				LastUpgradeCheck = 0810;
				ORGANIZATIONNAME = "Won Suk Choi";
				TargetAttributes = {
					18B858351E5A8B95004B83EF = {
						CreatedOnToolsVersion = 8.1;
						ProvisioningStyle = Automatic;
					};
				};
			};
			buildConfigurationList = 18B858311E5A8B95004B83EF /* Build configuration list for PBXProject "170220_UIViewController&Nib" */;
			compatibilityVersion = "Xcode 3.2";
			developmentRegion = English;
			hasScannedForEncodings = 0;
			knownRegions = (
				en,
				Base,
			);
			mainGroup = 18B8582D1E5A8B95004B83EF;
			productRefGroup = 18B858371E5A8B95004B83EF /* Products */;
			projectDirPath = "";
			projectRoot = "";
			targets = (
				18B858351E5A8B95004B83EF /* 170220_UIViewController&Nib */,
			);
		};
/* End PBXProject section */

/* Begin PBXResourcesBuildPhase section */
		18B858341E5A8B95004B83EF /* Resources */ = {
			isa = PBXResourcesBuildPhase;
			buildActionMask = 2147483647;
			files = (
				18B858491E5A8B95004B83EF /* LaunchScreen.storyboard in Resources */,
				18B858571E5A94A6004B83EF /* XSecondViewController.xib in Resources */,
				18B858461E5A8B95004B83EF /* Assets.xcassets in Resources */,
				18B858441E5A8B95004B83EF /* Main.storyboard in Resources */,
			);
			runOnlyForDeploymentPostprocessing = 0;
		};
/* End PBXResourcesBuildPhase section */

/* Begin PBXSourcesBuildPhase section */
		18B858321E5A8B95004B83EF /* Sources */ = {
			isa = PBXSourcesBuildPhase;
			buildActionMask = 2147483647;
			files = (
				18B858521E5A8BE1004B83EF /* SecondViewController.m in Sources */,
				18B858561E5A94A6004B83EF /* XSecondViewController.m in Sources */,
				18B858411E5A8B95004B83EF /* ViewController.m in Sources */,
				18B8583E1E5A8B95004B83EF /* AppDelegate.m in Sources */,
				18B8583B1E5A8B95004B83EF /* main.m in Sources */,
			);
			runOnlyForDeploymentPostprocessing = 0;
		};
/* End PBXSourcesBuildPhase section */

/* Begin PBXVariantGroup section */
		18B858421E5A8B95004B83EF /* Main.storyboard */ = {
			isa = PBXVariantGroup;
			children = (
				18B858431E5A8B95004B83EF /* Base */,
			);
			name = Main.storyboard;
			sourceTree = "<group>";
		};
		18B858471E5A8B95004B83EF /* LaunchScreen.storyboard */ = {
			isa = PBXVariantGroup;
			children = (
				18B858481E5A8B95004B83EF /* Base */,
			);
			name = LaunchScreen.storyboard;
			sourceTree = "<group>";
		};
/* End PBXVariantGroup section */

/* Begin XCBuildConfiguration section */
		18B8584B1E5A8B95004B83EF /* Debug */ = {
			isa = XCBuildConfiguration;
			buildSettings = {
				ALWAYS_SEARCH_USER_PATHS = NO;
				CLANG_ANALYZER_NONNULL = YES;
				CLANG_CXX_LANGUAGE_STANDARD = "gnu++0x";
				CLANG_CXX_LIBRARY = "libc++";
				CLANG_ENABLE_MODULES = YES;
				CLANG_ENABLE_OBJC_ARC = YES;
				CLANG_WARN_BOOL_CONVERSION = YES;
				CLANG_WARN_CONSTANT_CONVERSION = YES;
				CLANG_WARN_DIRECT_OBJC_ISA_USAGE = YES_ERROR;
				CLANG_WARN_DOCUMENTATION_COMMENTS = YES;
				CLANG_WARN_EMPTY_BODY = YES;
				CLANG_WARN_ENUM_CONVERSION = YES;
				CLANG_WARN_INFINITE_RECURSION = YES;
				CLANG_WARN_INT_CONVERSION = YES;
				CLANG_WARN_OBJC_ROOT_CLASS = YES_ERROR;
				CLANG_WARN_SUSPICIOUS_MOVES = YES;
				CLANG_WARN_UNREACHABLE_CODE = YES;
				CLANG_WARN__DUPLICATE_METHOD_MATCH = YES;
				"CODE_SIGN_IDENTITY[sdk=iphoneos*]" = "iPhone Developer";
				COPY_PHASE_STRIP = NO;
				DEBUG_INFORMATION_FORMAT = dwarf;
				ENABLE_STRICT_OBJC_MSGSEND = YES;
				ENABLE_TESTABILITY = YES;
				GCC_C_LANGUAGE_STANDARD = gnu99;
				GCC_DYNAMIC_NO_PIC = NO;
				GCC_NO_COMMON_BLOCKS = YES;
				GCC_OPTIMIZATION_LEVEL = 0;
				GCC_PREPROCESSOR_DEFINITIONS = (
					"DEBUG=1",
					"$(inherited)",
				);
				GCC_WARN_64_TO_32_BIT_CONVERSION = YES;
				GCC_WARN_ABOUT_RETURN_TYPE = YES_ERROR;
				GCC_WARN_UNDECLARED_SELECTOR = YES;
				GCC_WARN_UNINITIALIZED_AUTOS = YES_AGGRESSIVE;
				GCC_WARN_UNUSED_FUNCTION = YES;
				GCC_WARN_UNUSED_VARIABLE = YES;
				IPHONEOS_DEPLOYMENT_TARGET = 10.1;
				MTL_ENABLE_DEBUG_INFO = YES;
				ONLY_ACTIVE_ARCH = YES;
				SDKROOT = iphoneos;
			};
			name = Debug;
		};
		18B8584C1E5A8B95004B83EF /* Release */ = {
			isa = XCBuildConfiguration;
			buildSettings = {
				ALWAYS_SEARCH_USER_PATHS = NO;
				CLANG_ANALYZER_NONNULL = YES;
				CLANG_CXX_LANGUAGE_STANDARD = "gnu++0x";
				CLANG_CXX_LIBRARY = "libc++";
				CLANG_ENABLE_MODULES = YES;
				CLANG_ENABLE_OBJC_ARC = YES;
				CLANG_WARN_BOOL_CONVERSION = YES;
				CLANG_WARN_CONSTANT_CONVERSION = YES;
				CLANG_WARN_DIRECT_OBJC_ISA_USAGE = YES_ERROR;
				CLANG_WARN_DOCUMENTATION_COMMENTS = YES;
				CLANG_WARN_EMPTY_BODY = YES;
				CLANG_WARN_ENUM_CONVERSION = YES;
				CLANG_WARN_INFINITE_RECURSION = YES;
				CLANG_WARN_INT_CONVERSION = YES;
				CLANG_WARN_OBJC_ROOT_CLASS = YES_ERROR;
				CLANG_WARN_SUSPICIOUS_MOVES = YES;
				CLANG_WARN_UNREACHABLE_CODE = YES;
				CLANG_WARN__DUPLICATE_METHOD_MATCH = YES;
				"CODE_SIGN_IDENTITY[sdk=iphoneos*]" = "iPhone Developer";
				COPY_PHASE_STRIP = NO;
				DEBUG_INFORMATION_FORMAT = "dwarf-with-dsym";
				ENABLE_NS_ASSERTIONS = NO;
				ENABLE_STRICT_OBJC_MSGSEND = YES;
				GCC_C_LANGUAGE_STANDARD = gnu99;
				GCC_NO_COMMON_BLOCKS = YES;
				GCC_WARN_64_TO_32_BIT_CONVERSION = YES;
				GCC_WARN_ABOUT_RETURN_TYPE = YES_ERROR;
				GCC_WARN_UNDECLARED_SELECTOR = YES;
				GCC_WARN_UNINITIALIZED_AUTOS = YES_AGGRESSIVE;
				GCC_WARN_UNUSED_FUNCTION = YES;
				GCC_WARN_UNUSED_VARIABLE = YES;
				IPHONEOS_DEPLOYMENT_TARGET = 10.1;
				MTL_ENABLE_DEBUG_INFO = NO;
				SDKROOT = iphoneos;
				VALIDATE_PRODUCT = YES;
			};
			name = Release;
		};
		18B8584E1E5A8B95004B83EF /* Debug */ = {
			isa = XCBuildConfiguration;
			buildSettings = {
				ASSETCATALOG_COMPILER_APPICON_NAME = AppIcon;
				INFOPLIST_FILE = "170220_UIViewController&Nib/Info.plist";
				LD_RUNPATH_SEARCH_PATHS = "$(inherited) @executable_path/Frameworks";
				PRODUCT_BUNDLE_IDENTIFIER = "Puzzlecube.-70220-UIViewController-Nib";
				PRODUCT_NAME = "$(TARGET_NAME)";
			};
			name = Debug;
		};
		18B8584F1E5A8B95004B83EF /* Release */ = {
			isa = XCBuildConfiguration;
			buildSettings = {
				ASSETCATALOG_COMPILER_APPICON_NAME = AppIcon;
				INFOPLIST_FILE = "170220_UIViewController&Nib/Info.plist";
				LD_RUNPATH_SEARCH_PATHS = "$(inherited) @executable_path/Frameworks";
				PRODUCT_BUNDLE_IDENTIFIER = "Puzzlecube.-70220-UIViewController-Nib";
				PRODUCT_NAME = "$(TARGET_NAME)";
			};
			name = Release;
		};
/* End XCBuildConfiguration section */

/* Begin XCConfigurationList section */
		18B858311E5A8B95004B83EF /* Build configuration list for PBXProject "170220_UIViewController&Nib" */ = {
			isa = XCConfigurationList;
			buildConfigurations = (
				18B8584B1E5A8B95004B83EF /* Debug */,
				18B8584C1E5A8B95004B83EF /* Release */,
			);
			defaultConfigurationIsVisible = 0;
			defaultConfigurationName = Release;
		};
		18B8584D1E5A8B95004B83EF /* Build configuration list for PBXNativeTarget "170220_UIViewController&Nib" */ = {
			isa = XCConfigurationList;
			buildConfigurations = (
				18B8584E1E5A8B95004B83EF /* Debug */,
				18B8584F1E5A8B95004B83EF /* Release */,
			);
			defaultConfigurationIsVisible = 0;
		};
/* End XCConfigurationList section */
	};
	rootObject = 18B8582E1E5A8B95004B83EF /* Project object */;
}
