// !$*UTF8*$!
{
	archiveVersion = 1;
	classes = {
	};
	objectVersion = 46;
	objects = {

/* Begin PBXBuildFile section */
		1848AE941E4176DF0064C9EF /* main.m in Sources */ = {isa = PBXBuildFile; fileRef = 1848AE931E4176DF0064C9EF /* main.m */; };
		1848AE9C1E4176F90064C9EF /* Calculation.m in Sources */ = {isa = PBXBuildFile; fileRef = 1848AE9B1E4176F90064C9EF /* Calculation.m */; };
/* End PBXBuildFile section */

/* Begin PBXCopyFilesBuildPhase section */
		1848AE8E1E4176DF0064C9EF /* CopyFiles */ = {
			isa = PBXCopyFilesBuildPhase;
			buildActionMask = 2147483647;
			dstPath = /usr/share/man/man1/;
			dstSubfolderSpec = 0;
			files = (
			);
			runOnlyForDeploymentPostprocessing = 1;
		};
/* End PBXCopyFilesBuildPhase section */

/* Begin PBXFileReference section */
		1848AE901E4176DF0064C9EF /* 170201_PracticeQuestionsEasy */ = {isa = PBXFileReference; explicitFileType = "compiled.mach-o.executable"; includeInIndex = 0; path = 170201_PracticeQuestionsEasy; sourceTree = BUILT_PRODUCTS_DIR; };
		1848AE931E4176DF0064C9EF /* main.m */ = {isa = PBXFileReference; lastKnownFileType = sourcecode.c.objc; path = main.m; sourceTree = "<group>"; };
		1848AE9A1E4176F90064C9EF /* Calculation.h */ = {isa = PBXFileReference; fileEncoding = 4; lastKnownFileType = sourcecode.c.h; path = Calculation.h; sourceTree = "<group>"; };
		1848AE9B1E4176F90064C9EF /* Calculation.m */ = {isa = PBXFileReference; fileEncoding = 4; lastKnownFileType = sourcecode.c.objc; path = Calculation.m; sourceTree = "<group>"; };
/* End PBXFileReference section */

/* Begin PBXFrameworksBuildPhase section */
		1848AE8D1E4176DF0064C9EF /* Frameworks */ = {
			isa = PBXFrameworksBuildPhase;
			buildActionMask = 2147483647;
			files = (
			);
			runOnlyForDeploymentPostprocessing = 0;
		};
/* End PBXFrameworksBuildPhase section */

/* Begin PBXGroup section */
		1848AE871E4176DF0064C9EF = {
			isa = PBXGroup;
			children = (
				1848AE921E4176DF0064C9EF /* 170201_PracticeQuestionsEasy */,
				1848AE911E4176DF0064C9EF /* Products */,
			);
			sourceTree = "<group>";
		};
		1848AE911E4176DF0064C9EF /* Products */ = {
			isa = PBXGroup;
			children = (
				1848AE901E4176DF0064C9EF /* 170201_PracticeQuestionsEasy */,
			);
			name = Products;
			sourceTree = "<group>";
		};
		1848AE921E4176DF0064C9EF /* 170201_PracticeQuestionsEasy */ = {
			isa = PBXGroup;
			children = (
				1848AE931E4176DF0064C9EF /* main.m */,
				1848AE9A1E4176F90064C9EF /* Calculation.h */,
				1848AE9B1E4176F90064C9EF /* Calculation.m */,
			);
			path = 170201_PracticeQuestionsEasy;
			sourceTree = "<group>";
		};
/* End PBXGroup section */

/* Begin PBXNativeTarget section */
		1848AE8F1E4176DF0064C9EF /* 170201_PracticeQuestionsEasy */ = {
			isa = PBXNativeTarget;
			buildConfigurationList = 1848AE971E4176DF0064C9EF /* Build configuration list for PBXNativeTarget "170201_PracticeQuestionsEasy" */;
			buildPhases = (
				1848AE8C1E4176DF0064C9EF /* Sources */,
				1848AE8D1E4176DF0064C9EF /* Frameworks */,
				1848AE8E1E4176DF0064C9EF /* CopyFiles */,
			);
			buildRules = (
			);
			dependencies = (
			);
			name = 170201_PracticeQuestionsEasy;
			productName = 170201_PracticeQuestionsEasy;
			productReference = 1848AE901E4176DF0064C9EF /* 170201_PracticeQuestionsEasy */;
			productType = "com.apple.product-type.tool";
		};
/* End PBXNativeTarget section */

/* Begin PBXProject section */
		1848AE881E4176DF0064C9EF /* Project object */ = {
			isa = PBXProject;
			attributes = {
				LastUpgradeCheck = 0810;
				ORGANIZATIONNAME = "Won Suk Choi";
				TargetAttributes = {
					1848AE8F1E4176DF0064C9EF = {
						CreatedOnToolsVersion = 8.1;
						ProvisioningStyle = Automatic;
					};
				};
			};
			buildConfigurationList = 1848AE8B1E4176DF0064C9EF /* Build configuration list for PBXProject "170201_PracticeQuestionsEasy" */;
			compatibilityVersion = "Xcode 3.2";
			developmentRegion = English;
			hasScannedForEncodings = 0;
			knownRegions = (
				en,
			);
			mainGroup = 1848AE871E4176DF0064C9EF;
			productRefGroup = 1848AE911E4176DF0064C9EF /* Products */;
			projectDirPath = "";
			projectRoot = "";
			targets = (
				1848AE8F1E4176DF0064C9EF /* 170201_PracticeQuestionsEasy */,
			);
		};
/* End PBXProject section */

/* Begin PBXSourcesBuildPhase section */
		1848AE8C1E4176DF0064C9EF /* Sources */ = {
			isa = PBXSourcesBuildPhase;
			buildActionMask = 2147483647;
			files = (
				1848AE941E4176DF0064C9EF /* main.m in Sources */,
				1848AE9C1E4176F90064C9EF /* Calculation.m in Sources */,
			);
			runOnlyForDeploymentPostprocessing = 0;
		};
/* End PBXSourcesBuildPhase section */

/* Begin XCBuildConfiguration section */
		1848AE951E4176DF0064C9EF /* Debug */ = {
			isa = XCBuildConfiguration;
			buildSettings = {
				ALWAYS_SEARCH_USER_PATHS = NO;
				CLANG_ANALYZER_NONNULL = YES;
				CLANG_CXX_LANGUAGE_STANDARD = "gnu++0x";
				CLANG_CXX_LIBRARY = "libc++";
				CLANG_ENABLE_MODULES = YES;
				CLANG_ENABLE_OBJC_ARC = YES;
				CLANG_WARN_BOOL_CONVERSION = YES;
				CLANG_WARN_CONSTANT_CONVERSION = YES;
				CLANG_WARN_DIRECT_OBJC_ISA_USAGE = YES_ERROR;
				CLANG_WARN_DOCUMENTATION_COMMENTS = YES;
				CLANG_WARN_EMPTY_BODY = YES;
				CLANG_WARN_ENUM_CONVERSION = YES;
				CLANG_WARN_INFINITE_RECURSION = YES;
				CLANG_WARN_INT_CONVERSION = YES;
				CLANG_WARN_OBJC_ROOT_CLASS = YES_ERROR;
				CLANG_WARN_SUSPICIOUS_MOVES = YES;
				CLANG_WARN_UNREACHABLE_CODE = YES;
				CLANG_WARN__DUPLICATE_METHOD_MATCH = YES;
				CODE_SIGN_IDENTITY = "-";
				COPY_PHASE_STRIP = NO;
				DEBUG_INFORMATION_FORMAT = dwarf;
				ENABLE_STRICT_OBJC_MSGSEND = YES;
				ENABLE_TESTABILITY = YES;
				GCC_C_LANGUAGE_STANDARD = gnu99;
				GCC_DYNAMIC_NO_PIC = NO;
				GCC_NO_COMMON_BLOCKS = YES;
				GCC_OPTIMIZATION_LEVEL = 0;
				GCC_PREPROCESSOR_DEFINITIONS = (
					"DEBUG=1",
					"$(inherited)",
				);
				GCC_WARN_64_TO_32_BIT_CONVERSION = YES;
				GCC_WARN_ABOUT_RETURN_TYPE = YES_ERROR;
				GCC_WARN_UNDECLARED_SELECTOR = YES;
				GCC_WARN_UNINITIALIZED_AUTOS = YES_AGGRESSIVE;
				GCC_WARN_UNUSED_FUNCTION = YES;
				GCC_WARN_UNUSED_VARIABLE = YES;
				MACOSX_DEPLOYMENT_TARGET = 10.12;
				MTL_ENABLE_DEBUG_INFO = YES;
				ONLY_ACTIVE_ARCH = YES;
				SDKROOT = macosx;
			};
			name = Debug;
		};
		1848AE961E4176DF0064C9EF /* Release */ = {
			isa = XCBuildConfiguration;
			buildSettings = {
				ALWAYS_SEARCH_USER_PATHS = NO;
				CLANG_ANALYZER_NONNULL = YES;
				CLANG_CXX_LANGUAGE_STANDARD = "gnu++0x";
				CLANG_CXX_LIBRARY = "libc++";
				CLANG_ENABLE_MODULES = YES;
				CLANG_ENABLE_OBJC_ARC = YES;
				CLANG_WARN_BOOL_CONVERSION = YES;
				CLANG_WARN_CONSTANT_CONVERSION = YES;
				CLANG_WARN_DIRECT_OBJC_ISA_USAGE = YES_ERROR;
				CLANG_WARN_DOCUMENTATION_COMMENTS = YES;
				CLANG_WARN_EMPTY_BODY = YES;
				CLANG_WARN_ENUM_CONVERSION = YES;
				CLANG_WARN_INFINITE_RECURSION = YES;
				CLANG_WARN_INT_CONVERSION = YES;
				CLANG_WARN_OBJC_ROOT_CLASS = YES_ERROR;
				CLANG_WARN_SUSPICIOUS_MOVES = YES;
				CLANG_WARN_UNREACHABLE_CODE = YES;
				CLANG_WARN__DUPLICATE_METHOD_MATCH = YES;
				CODE_SIGN_IDENTITY = "-";
				COPY_PHASE_STRIP = NO;
				DEBUG_INFORMATION_FORMAT = "dwarf-with-dsym";
				ENABLE_NS_ASSERTIONS = NO;
				ENABLE_STRICT_OBJC_MSGSEND = YES;
				GCC_C_LANGUAGE_STANDARD = gnu99;
				GCC_NO_COMMON_BLOCKS = YES;
				GCC_WARN_64_TO_32_BIT_CONVERSION = YES;
				GCC_WARN_ABOUT_RETURN_TYPE = YES_ERROR;
				GCC_WARN_UNDECLARED_SELECTOR = YES;
				GCC_WARN_UNINITIALIZED_AUTOS = YES_AGGRESSIVE;
				GCC_WARN_UNUSED_FUNCTION = YES;
				GCC_WARN_UNUSED_VARIABLE = YES;
				MACOSX_DEPLOYMENT_TARGET = 10.12;
				MTL_ENABLE_DEBUG_INFO = NO;
				SDKROOT = macosx;
			};
			name = Release;
		};
		1848AE981E4176DF0064C9EF /* Debug */ = {
			isa = XCBuildConfiguration;
			buildSettings = {
				PRODUCT_NAME = "$(TARGET_NAME)";
			};
			name = Debug;
		};
		1848AE991E4176DF0064C9EF /* Release */ = {
			isa = XCBuildConfiguration;
			buildSettings = {
				PRODUCT_NAME = "$(TARGET_NAME)";
			};
			name = Release;
		};
/* End XCBuildConfiguration section */

/* Begin XCConfigurationList section */
		1848AE8B1E4176DF0064C9EF /* Build configuration list for PBXProject "170201_PracticeQuestionsEasy" */ = {
			isa = XCConfigurationList;
			buildConfigurations = (
				1848AE951E4176DF0064C9EF /* Debug */,
				1848AE961E4176DF0064C9EF /* Release */,
			);
			defaultConfigurationIsVisible = 0;
			defaultConfigurationName = Release;
		};
		1848AE971E4176DF0064C9EF /* Build configuration list for PBXNativeTarget "170201_PracticeQuestionsEasy" */ = {
			isa = XCConfigurationList;
			buildConfigurations = (
				1848AE981E4176DF0064C9EF /* Debug */,
				1848AE991E4176DF0064C9EF /* Release */,
			);
			defaultConfigurationIsVisible = 0;
		};
/* End XCConfigurationList section */
	};
	rootObject = 1848AE881E4176DF0064C9EF /* Project object */;
}
